
Microsoft Visual Studio Solution File, Format Version 12.00
# Visual Studio 15
VisualStudioVersion = 15.0.27004.2005
MinimumVisualStudioVersion = 10.0.40219.1
Project("{FAE04EC0-301F-11D3-BF4B-00C04F79EFBC}") = "DB", "DB\DB.csproj", "{B02DB73E-CBE5-4C0C-BDE2-03DA4A366499}"
EndProject
Global
	GlobalSection(SolutionConfigurationPlatforms) = preSolution
		Debug|Any CPU = Debug|Any CPU
		Release|Any CPU = Release|Any CPU
	EndGlobalSection
	GlobalSection(ProjectConfigurationPlatforms) = postSolution
		{B02DB73E-CBE5-4C0C-BDE2-03DA4A366499}.Debug|Any CPU.ActiveCfg = Debug|Any CPU
		{B02DB73E-CBE5-4C0C-BDE2-03DA4A366499}.Debug|Any CPU.Build.0 = Debug|Any CPU
		{B02DB73E-CBE5-4C0C-BDE2-03DA4A366499}.Release|Any CPU.ActiveCfg = Release|Any CPU
		{B02DB73E-CBE5-4C0C-BDE2-03DA4A366499}.Release|Any CPU.Build.0 = Release|Any CPU
	EndGlobalSection
	GlobalSection(SolutionProperties) = preSolution
		HideSolutionNode = FALSE
	EndGlobalSection
	GlobalSection(ExtensibilityGlobals) = postSolution
		SolutionGuid = {17B65530-EDD9-490C-A4B2-26F32285940D}
	EndGlobalSection
EndGlobal
