
Microsoft Visual Studio Solution File, Format Version 12.00
# Visual Studio 15
VisualStudioVersion = 15.0.27130.2010
MinimumVisualStudioVersion = 10.0.40219.1
Project("{00D1A9C2-B5F0-4AF3-8072-F6C62B433612}") = "SqlServerUDF", "SqlServerUDF\SqlServerUDF.sqlproj", "{DD617ABC-3FE4-45A4-97A8-4517E2CF0199}"
EndProject
Global
	GlobalSection(SolutionConfigurationPlatforms) = preSolution
		Debug|Any CPU = Debug|Any CPU
		Release|Any CPU = Release|Any CPU
	EndGlobalSection
	GlobalSection(ProjectConfigurationPlatforms) = postSolution
		{DD617ABC-3FE4-45A4-97A8-4517E2CF0199}.Debug|Any CPU.ActiveCfg = Debug|Any CPU
		{DD617ABC-3FE4-45A4-97A8-4517E2CF0199}.Debug|Any CPU.Build.0 = Debug|Any CPU
		{DD617ABC-3FE4-45A4-97A8-4517E2CF0199}.Debug|Any CPU.Deploy.0 = Debug|Any CPU
		{DD617ABC-3FE4-45A4-97A8-4517E2CF0199}.Release|Any CPU.ActiveCfg = Release|Any CPU
		{DD617ABC-3FE4-45A4-97A8-4517E2CF0199}.Release|Any CPU.Build.0 = Release|Any CPU
		{DD617ABC-3FE4-45A4-97A8-4517E2CF0199}.Release|Any CPU.Deploy.0 = Release|Any CPU
	EndGlobalSection
	GlobalSection(SolutionProperties) = preSolution
		HideSolutionNode = FALSE
	EndGlobalSection
	GlobalSection(ExtensibilityGlobals) = postSolution
		SolutionGuid = {28CB2445-5AC3-42B6-B68F-3600B78EE130}
	EndGlobalSection
EndGlobal
