
Microsoft Visual Studio Solution File, Format Version 12.00
# Visual Studio 15
VisualStudioVersion = 15.0.27130.2010
MinimumVisualStudioVersion = 10.0.40219.1
Project("{FAE04EC0-301F-11D3-BF4B-00C04F79EFBC}") = "Medvedev", "Medvedev\Medvedev.csproj", "{3673E295-1440-4545-A92B-F63738088069}"
EndProject
Global
	GlobalSection(SolutionConfigurationPlatforms) = preSolution
		Debug|Any CPU = Debug|Any CPU
		Release|Any CPU = Release|Any CPU
	EndGlobalSection
	GlobalSection(ProjectConfigurationPlatforms) = postSolution
		{3673E295-1440-4545-A92B-F63738088069}.Debug|Any CPU.ActiveCfg = Debug|Any CPU
		{3673E295-1440-4545-A92B-F63738088069}.Debug|Any CPU.Build.0 = Debug|Any CPU
		{3673E295-1440-4545-A92B-F63738088069}.Release|Any CPU.ActiveCfg = Release|Any CPU
		{3673E295-1440-4545-A92B-F63738088069}.Release|Any CPU.Build.0 = Release|Any CPU
	EndGlobalSection
	GlobalSection(SolutionProperties) = preSolution
		HideSolutionNode = FALSE
	EndGlobalSection
	GlobalSection(ExtensibilityGlobals) = postSolution
		SolutionGuid = {E2E3CB4E-6211-473C-B793-72109BB1129E}
	EndGlobalSection
EndGlobal
