
Microsoft Visual Studio Solution File, Format Version 12.00
# Visual Studio 15
VisualStudioVersion = 15.0.27130.2010
MinimumVisualStudioVersion = 10.0.40219.1
Project("{00D1A9C2-B5F0-4AF3-8072-F6C62B433612}") = "functioon", "functioon\functioon.sqlproj", "{CA05362A-236E-4A7B-B62E-E6AF676FB253}"
EndProject
Global
	GlobalSection(SolutionConfigurationPlatforms) = preSolution
		Debug|Any CPU = Debug|Any CPU
		Release|Any CPU = Release|Any CPU
	EndGlobalSection
	GlobalSection(ProjectConfigurationPlatforms) = postSolution
		{CA05362A-236E-4A7B-B62E-E6AF676FB253}.Debug|Any CPU.ActiveCfg = Debug|Any CPU
		{CA05362A-236E-4A7B-B62E-E6AF676FB253}.Debug|Any CPU.Build.0 = Debug|Any CPU
		{CA05362A-236E-4A7B-B62E-E6AF676FB253}.Debug|Any CPU.Deploy.0 = Debug|Any CPU
		{CA05362A-236E-4A7B-B62E-E6AF676FB253}.Release|Any CPU.ActiveCfg = Release|Any CPU
		{CA05362A-236E-4A7B-B62E-E6AF676FB253}.Release|Any CPU.Build.0 = Release|Any CPU
		{CA05362A-236E-4A7B-B62E-E6AF676FB253}.Release|Any CPU.Deploy.0 = Release|Any CPU
	EndGlobalSection
	GlobalSection(SolutionProperties) = preSolution
		HideSolutionNode = FALSE
	EndGlobalSection
	GlobalSection(ExtensibilityGlobals) = postSolution
		SolutionGuid = {0EE59571-9CB7-4456-9EA4-1FDA155368F7}
	EndGlobalSection
EndGlobal
