
Microsoft Visual Studio Solution File, Format Version 12.00
# Visual Studio 15
VisualStudioVersion = 15.0.27004.2009
MinimumVisualStudioVersion = 10.0.40219.1
Project("{FAE04EC0-301F-11D3-BF4B-00C04F79EFBC}") = "Task4", "Task4\Task4.csproj", "{5C22B034-0F50-423D-AD83-2EBF539BEE2A}"
EndProject
Global
	GlobalSection(SolutionConfigurationPlatforms) = preSolution
		Debug|Any CPU = Debug|Any CPU
		Release|Any CPU = Release|Any CPU
	EndGlobalSection
	GlobalSection(ProjectConfigurationPlatforms) = postSolution
		{5C22B034-0F50-423D-AD83-2EBF539BEE2A}.Debug|Any CPU.ActiveCfg = Debug|Any CPU
		{5C22B034-0F50-423D-AD83-2EBF539BEE2A}.Debug|Any CPU.Build.0 = Debug|Any CPU
		{5C22B034-0F50-423D-AD83-2EBF539BEE2A}.Release|Any CPU.ActiveCfg = Release|Any CPU
		{5C22B034-0F50-423D-AD83-2EBF539BEE2A}.Release|Any CPU.Build.0 = Release|Any CPU
	EndGlobalSection
	GlobalSection(SolutionProperties) = preSolution
		HideSolutionNode = FALSE
	EndGlobalSection
	GlobalSection(ExtensibilityGlobals) = postSolution
		SolutionGuid = {C70E072A-CB2C-4B9F-A9B0-3914E4C8A077}
	EndGlobalSection
EndGlobal
